
Microsoft Visual Studio Solution File, Format Version 12.00
# Visual Studio Version 17
VisualStudioVersion = 17.8.34316.72
MinimumVisualStudioVersion = 10.0.40219.1
Project("{9A19103F-16F7-4668-BE54-9A1E7A4F7556}") = "TODO List", "TODO List.csproj", "{8ACDAAA3-08D4-493B-9304-0B8018800BD9}"
EndProject
Project("{9A19103F-16F7-4668-BE54-9A1E7A4F7556}") = "People", "..\People\People.csproj", "{9C8884C8-ECC9-49BB-8069-034BB902B544}"
EndProject
Project("{9A19103F-16F7-4668-BE54-9A1E7A4F7556}") = "Rectangle", "..\Rectangle\Rectangle.csproj", "{C6034E5E-086C-4392-9322-D69DC14BEB13}"
EndProject
Project("{9A19103F-16F7-4668-BE54-9A1E7A4F7556}") = "Practice", "..\Practice\Practice.csproj", "{FD9CF8D8-3F9D-4786-95CE-B50DA552249C}"
EndProject
Project("{9A19103F-16F7-4668-BE54-9A1E7A4F7556}") = "Names_SRP", "..\Names\Names_SRP.csproj", "{5B96C600-BEA8-47A9-A3FF-27C262266787}"
EndProject
Project("{9A19103F-16F7-4668-BE54-9A1E7A4F7556}") = "DiceRollGame", "..\Dice-Roll-Game\DiceRollGame.csproj", "{183F5583-E524-4782-BC8C-FDD400A6A604}"
EndProject
Project("{9A19103F-16F7-4668-BE54-9A1E7A4F7556}") = "Pizza", "..\Pizza\Pizza.csproj", "{709267E0-DFFD-4A56-97A5-782911AFA869}"
EndProject
Project("{9A19103F-16F7-4668-BE54-9A1E7A4F7556}") = "Calculator", "..\Calculator\Calculator.csproj", "{1B382402-FAD1-479A-A489-C191BF53684C}"
EndProject
Project("{9A19103F-16F7-4668-BE54-9A1E7A4F7556}") = "CookieCookbook", "..\CookieCookbok\CookieCookbook.csproj", "{B139FC72-9C14-456D-8009-74F4006019D5}"
EndProject
Project("{9A19103F-16F7-4668-BE54-9A1E7A4F7556}") = "Exceptions", "..\Exceptions\Exceptions.csproj", "{3A10A343-5F79-4890-A187-E48486737A1B}"
EndProject
Project("{9A19103F-16F7-4668-BE54-9A1E7A4F7556}") = "GameDataParser", "..\GameDataParser\GameDataParser.csproj", "{4CFF0955-0EA5-4936-881D-3CD7F73F7429}"
EndProject
Project("{9A19103F-16F7-4668-BE54-9A1E7A4F7556}") = "BasicListImplementation", "..\BasicListImplementation\BasicListImplementation.csproj", "{40DB02B6-247A-4368-AE67-0F32C42F66BD}"
EndProject
Project("{2150E333-8FDC-42A3-9474-1A3956D46DE8}") = "CodingExercises", "CodingExercises", "{923472BE-A415-4E2D-B98B-AD4F04185F44}"
EndProject
Project("{9A19103F-16F7-4668-BE54-9A1E7A4F7556}") = "SwapTuple", "..\SwapTuple\SwapTuple.csproj", "{BCB06175-D74A-44AF-9BB8-0CF8470FECBD}"
EndProject
Project("{9A19103F-16F7-4668-BE54-9A1E7A4F7556}") = "TypeConstraintAndIComparable", "..\TypeConstraintAndIComparable\TypeConstraintAndIComparable.csproj", "{6A60FF9D-A2DA-4689-BA19-B9189B29E487}"
EndProject
Project("{2150E333-8FDC-42A3-9474-1A3956D46DE8}") = "Assignments", "Assignments", "{06D53043-ECD7-4406-9CD1-DF9029A2BDD4}"
EndProject
Project("{9A19103F-16F7-4668-BE54-9A1E7A4F7556}") = "FindMaxWeights", "..\FindMaxWeights\FindMaxWeights.csproj", "{D5B3660C-5409-4788-8F1E-F842E6BCADD2}"
EndProject
Project("{9A19103F-16F7-4668-BE54-9A1E7A4F7556}") = "CustomCache", "..\CustomCache\CustomCache.csproj", "{722AE61E-A254-405C-A4E4-8361B948E31D}"
EndProject
Project("{9A19103F-16F7-4668-BE54-9A1E7A4F7556}") = "Any&All_LINQ", "..\Any&All_LINQ\Any&All_LINQ.csproj", "{43094C2F-6BE3-4739-BDD3-5BBC10887E1A}"
EndProject
Project("{9A19103F-16F7-4668-BE54-9A1E7A4F7556}") = "Count&Contains_LINQ", "..\Count&Contains_LINQ\Count&Contains_LINQ.csproj", "{9A3B3172-6955-4667-8A26-1B68A30A1BA2}"
EndProject
Project("{9A19103F-16F7-4668-BE54-9A1E7A4F7556}") = "OrderBy&First&Last_LINQ", "..\ConsoleApp1\OrderBy&First&Last_LINQ.csproj", "{4D5B34BE-5F98-4BDE-B49C-71E2286739EB}"
EndProject
Project("{9A19103F-16F7-4668-BE54-9A1E7A4F7556}") = "Where&Distinct_LINQ", "..\Where&Distinct\Where&Distinct_LINQ.csproj", "{C97A32C1-B627-4704-9E1A-6DCE0FB97B79}"
EndProject
Project("{9A19103F-16F7-4668-BE54-9A1E7A4F7556}") = "Select&Average_LINQ", "..\Select&Average_LINQ\Select&Average_LINQ.csproj", "{58289D8C-2870-4477-8EA1-79978BB0DB6F}"
EndProject
Project("{9A19103F-16F7-4668-BE54-9A1E7A4F7556}") = "RefModifier", "..\RefModifier\RefModifier.csproj", "{A23FF2BF-6EA7-4ADE-9292-914EB00BA33E}"
EndProject
Project("{9A19103F-16F7-4668-BE54-9A1E7A4F7556}") = "FileWriter", "..\FileWriter\FileWriter.csproj", "{9E6A6815-9A49-4528-90DD-1168D8CF5C65}"
EndProject
Project("{9A19103F-16F7-4668-BE54-9A1E7A4F7556}") = "AllLinesFromTextFileReader", "..\AllLinesFromTextFileReader\AllLinesFromTextFileReader.csproj", "{0C4EFE22-0D3D-4BE6-9355-1829BF055C35}"
EndProject
Project("{9A19103F-16F7-4668-BE54-9A1E7A4F7556}") = "CSV_Reader", "..\CSV_Reader\CSV_Reader.csproj", "{A4E4394E-39D8-4781-AAD3-D30F7AEB865A}"
EndProject
Project("{9A19103F-16F7-4668-BE54-9A1E7A4F7556}") = "NetUnderTheHoodAssignment", "..\..\..\Downloads\NetUnderTheHoodAssignment\NetUnderTheHoodAssignment\NetUnderTheHoodAssignment\NetUnderTheHoodAssignment.csproj", "{E579184C-D046-4A37-A093-A00D64BADC79}"
EndProject
Project("{9A19103F-16F7-4668-BE54-9A1E7A4F7556}") = "Reflection", "..\Reflection\Reflection.csproj", "{3F05E20A-871E-430D-B26E-9F029F19C246}"
EndProject
Project("{9A19103F-16F7-4668-BE54-9A1E7A4F7556}") = "Attributes", "..\Attributes\Attributes.csproj", "{5B7B822E-6258-4A41-8AC2-59FD90617C95}"
EndProject
Project("{9A19103F-16F7-4668-BE54-9A1E7A4F7556}") = "MustBeLargerThanAttribute", "..\MustBeLargerThanAttribute\MustBeLargerThanAttribute.csproj", "{8B6CB1E6-A6E7-4786-A605-F306D05EBD60}"
EndProject
Project("{9A19103F-16F7-4668-BE54-9A1E7A4F7556}") = "ImmutableStructTime", "..\ImmutableStructTime\ImmutableStructTime.csproj", "{51376332-61A0-4A4D-9BE8-0068566E390A}"
EndProject
Project("{9A19103F-16F7-4668-BE54-9A1E7A4F7556}") = "Equals", "..\Equals\Equals.csproj", "{2FFC4DF7-85C6-4C33-A601-9A567A05167A}"
EndProject
Project("{9A19103F-16F7-4668-BE54-9A1E7A4F7556}") = "Point", "..\Point\Point.csproj", "{76ACC132-6C1B-41E1-A13E-26CD5F88B41C}"
EndProject
Project("{9A19103F-16F7-4668-BE54-9A1E7A4F7556}") = "WeatherData", "..\WeatherData\WeatherData.csproj", "{6CBE3E9E-B9AA-4409-9841-3EB99105809D}"
EndProject
Project("{9A19103F-16F7-4668-BE54-9A1E7A4F7556}") = "API_Calls", "..\API_Calls\API_Calls.csproj", "{D6DC7368-553B-4285-A4CE-DC852BBE7591}"
EndProject
Project("{9A19103F-16F7-4668-BE54-9A1E7A4F7556}") = "StarWarsPlanetsStats", "..\StarWarsPlanetsStats\StarWarsPlanetsStats.csproj", "{DEBB9802-EBE8-4D5B-A164-2CCAA324B35B}"
EndProject
Project("{9A19103F-16F7-4668-BE54-9A1E7A4F7556}") = "PairOfArrays", "..\PairOfArrays\PairOfArrays.csproj", "{4A27F249-364C-4768-A9E9-3A381A8FA49F}"
EndProject
Project("{9A19103F-16F7-4668-BE54-9A1E7A4F7556}") = "CustomCollection", "..\CustomCollection\CustomCollection.csproj", "{8B623C94-2638-4DE6-9FDF-A6F6DA64562E}"
EndProject
Project("{9A19103F-16F7-4668-BE54-9A1E7A4F7556}") = "HashSet_CreateUnique", "..\HashSet_CreateUnique\HashSet_CreateUnique.csproj", "{5CB590B2-8412-4918-80B2-8EC53B385497}"
EndProject
Project("{9A19103F-16F7-4668-BE54-9A1E7A4F7556}") = "StackExtentions", "..\StackExtentions\StackExtentions.csproj", "{420F31A4-8EC6-4979-AA8F-51FC25DBDE84}"
EndProject
Project("{9A19103F-16F7-4668-BE54-9A1E7A4F7556}") = "YieldStatement", "..\YieldStatement\YieldStatement.csproj", "{1E119F02-68CD-40D0-BD1A-F962A9067214}"
EndProject
Project("{2150E333-8FDC-42A3-9474-1A3956D46DE8}") = "DataStructuresAndAlgorithms", "DataStructuresAndAlgorithms", "{79B00F24-7F87-46F3-B5A0-EF0D427CB837}"
EndProject
Project("{9A19103F-16F7-4668-BE54-9A1E7A4F7556}") = "BinarySearch", "..\BinarySearch\BinarySearch.csproj", "{BF594368-D317-4DFA-B5C9-29821BE78483}"
EndProject
Project("{FAE04EC0-301F-11D3-BF4B-00C04F79EFBC}") = "GetAllAfterLastNullReversed", "..\GetAllAfterLastNullReversed\GetAllAfterLastNullReversed.csproj", "{D83916EE-5BA5-4312-A60C-9712893F4706}"
EndProject
Project("{FAE04EC0-301F-11D3-BF4B-00C04F79EFBC}") = "CustomLinkedList", "..\CustomLinkedList\CustomLinkedList.csproj", "{1B7C6ACA-2DD3-491C-8757-152D65A80CD6}"
EndProject
Global
	GlobalSection(SolutionConfigurationPlatforms) = preSolution
		Debug|Any CPU = Debug|Any CPU
		Release|Any CPU = Release|Any CPU
	EndGlobalSection
	GlobalSection(ProjectConfigurationPlatforms) = postSolution
		{8ACDAAA3-08D4-493B-9304-0B8018800BD9}.Debug|Any CPU.ActiveCfg = Debug|Any CPU
		{8ACDAAA3-08D4-493B-9304-0B8018800BD9}.Debug|Any CPU.Build.0 = Debug|Any CPU
		{8ACDAAA3-08D4-493B-9304-0B8018800BD9}.Release|Any CPU.ActiveCfg = Release|Any CPU
		{8ACDAAA3-08D4-493B-9304-0B8018800BD9}.Release|Any CPU.Build.0 = Release|Any CPU
		{9C8884C8-ECC9-49BB-8069-034BB902B544}.Debug|Any CPU.ActiveCfg = Debug|Any CPU
		{9C8884C8-ECC9-49BB-8069-034BB902B544}.Debug|Any CPU.Build.0 = Debug|Any CPU
		{9C8884C8-ECC9-49BB-8069-034BB902B544}.Release|Any CPU.ActiveCfg = Release|Any CPU
		{9C8884C8-ECC9-49BB-8069-034BB902B544}.Release|Any CPU.Build.0 = Release|Any CPU
		{C6034E5E-086C-4392-9322-D69DC14BEB13}.Debug|Any CPU.ActiveCfg = Debug|Any CPU
		{C6034E5E-086C-4392-9322-D69DC14BEB13}.Debug|Any CPU.Build.0 = Debug|Any CPU
		{C6034E5E-086C-4392-9322-D69DC14BEB13}.Release|Any CPU.ActiveCfg = Release|Any CPU
		{C6034E5E-086C-4392-9322-D69DC14BEB13}.Release|Any CPU.Build.0 = Release|Any CPU
		{FD9CF8D8-3F9D-4786-95CE-B50DA552249C}.Debug|Any CPU.ActiveCfg = Debug|Any CPU
		{FD9CF8D8-3F9D-4786-95CE-B50DA552249C}.Debug|Any CPU.Build.0 = Debug|Any CPU
		{FD9CF8D8-3F9D-4786-95CE-B50DA552249C}.Release|Any CPU.ActiveCfg = Release|Any CPU
		{FD9CF8D8-3F9D-4786-95CE-B50DA552249C}.Release|Any CPU.Build.0 = Release|Any CPU
		{5B96C600-BEA8-47A9-A3FF-27C262266787}.Debug|Any CPU.ActiveCfg = Debug|Any CPU
		{5B96C600-BEA8-47A9-A3FF-27C262266787}.Debug|Any CPU.Build.0 = Debug|Any CPU
		{5B96C600-BEA8-47A9-A3FF-27C262266787}.Release|Any CPU.ActiveCfg = Release|Any CPU
		{5B96C600-BEA8-47A9-A3FF-27C262266787}.Release|Any CPU.Build.0 = Release|Any CPU
		{183F5583-E524-4782-BC8C-FDD400A6A604}.Debug|Any CPU.ActiveCfg = Debug|Any CPU
		{183F5583-E524-4782-BC8C-FDD400A6A604}.Debug|Any CPU.Build.0 = Debug|Any CPU
		{183F5583-E524-4782-BC8C-FDD400A6A604}.Release|Any CPU.ActiveCfg = Release|Any CPU
		{183F5583-E524-4782-BC8C-FDD400A6A604}.Release|Any CPU.Build.0 = Release|Any CPU
		{709267E0-DFFD-4A56-97A5-782911AFA869}.Debug|Any CPU.ActiveCfg = Debug|Any CPU
		{709267E0-DFFD-4A56-97A5-782911AFA869}.Debug|Any CPU.Build.0 = Debug|Any CPU
		{709267E0-DFFD-4A56-97A5-782911AFA869}.Release|Any CPU.ActiveCfg = Release|Any CPU
		{709267E0-DFFD-4A56-97A5-782911AFA869}.Release|Any CPU.Build.0 = Release|Any CPU
		{1B382402-FAD1-479A-A489-C191BF53684C}.Debug|Any CPU.ActiveCfg = Debug|Any CPU
		{1B382402-FAD1-479A-A489-C191BF53684C}.Debug|Any CPU.Build.0 = Debug|Any CPU
		{1B382402-FAD1-479A-A489-C191BF53684C}.Release|Any CPU.ActiveCfg = Release|Any CPU
		{1B382402-FAD1-479A-A489-C191BF53684C}.Release|Any CPU.Build.0 = Release|Any CPU
		{B139FC72-9C14-456D-8009-74F4006019D5}.Debug|Any CPU.ActiveCfg = Debug|Any CPU
		{B139FC72-9C14-456D-8009-74F4006019D5}.Debug|Any CPU.Build.0 = Debug|Any CPU
		{B139FC72-9C14-456D-8009-74F4006019D5}.Release|Any CPU.ActiveCfg = Release|Any CPU
		{B139FC72-9C14-456D-8009-74F4006019D5}.Release|Any CPU.Build.0 = Release|Any CPU
		{3A10A343-5F79-4890-A187-E48486737A1B}.Debug|Any CPU.ActiveCfg = Debug|Any CPU
		{3A10A343-5F79-4890-A187-E48486737A1B}.Debug|Any CPU.Build.0 = Debug|Any CPU
		{3A10A343-5F79-4890-A187-E48486737A1B}.Release|Any CPU.ActiveCfg = Release|Any CPU
		{3A10A343-5F79-4890-A187-E48486737A1B}.Release|Any CPU.Build.0 = Release|Any CPU
		{4CFF0955-0EA5-4936-881D-3CD7F73F7429}.Debug|Any CPU.ActiveCfg = Debug|Any CPU
		{4CFF0955-0EA5-4936-881D-3CD7F73F7429}.Debug|Any CPU.Build.0 = Debug|Any CPU
		{4CFF0955-0EA5-4936-881D-3CD7F73F7429}.Release|Any CPU.ActiveCfg = Release|Any CPU
		{4CFF0955-0EA5-4936-881D-3CD7F73F7429}.Release|Any CPU.Build.0 = Release|Any CPU
		{40DB02B6-247A-4368-AE67-0F32C42F66BD}.Debug|Any CPU.ActiveCfg = Debug|Any CPU
		{40DB02B6-247A-4368-AE67-0F32C42F66BD}.Debug|Any CPU.Build.0 = Debug|Any CPU
		{40DB02B6-247A-4368-AE67-0F32C42F66BD}.Release|Any CPU.ActiveCfg = Release|Any CPU
		{40DB02B6-247A-4368-AE67-0F32C42F66BD}.Release|Any CPU.Build.0 = Release|Any CPU
		{BCB06175-D74A-44AF-9BB8-0CF8470FECBD}.Debug|Any CPU.ActiveCfg = Debug|Any CPU
		{BCB06175-D74A-44AF-9BB8-0CF8470FECBD}.Debug|Any CPU.Build.0 = Debug|Any CPU
		{BCB06175-D74A-44AF-9BB8-0CF8470FECBD}.Release|Any CPU.ActiveCfg = Release|Any CPU
		{BCB06175-D74A-44AF-9BB8-0CF8470FECBD}.Release|Any CPU.Build.0 = Release|Any CPU
		{6A60FF9D-A2DA-4689-BA19-B9189B29E487}.Debug|Any CPU.ActiveCfg = Debug|Any CPU
		{6A60FF9D-A2DA-4689-BA19-B9189B29E487}.Debug|Any CPU.Build.0 = Debug|Any CPU
		{6A60FF9D-A2DA-4689-BA19-B9189B29E487}.Release|Any CPU.ActiveCfg = Release|Any CPU
		{6A60FF9D-A2DA-4689-BA19-B9189B29E487}.Release|Any CPU.Build.0 = Release|Any CPU
		{D5B3660C-5409-4788-8F1E-F842E6BCADD2}.Debug|Any CPU.ActiveCfg = Debug|Any CPU
		{D5B3660C-5409-4788-8F1E-F842E6BCADD2}.Debug|Any CPU.Build.0 = Debug|Any CPU
		{D5B3660C-5409-4788-8F1E-F842E6BCADD2}.Release|Any CPU.ActiveCfg = Release|Any CPU
		{D5B3660C-5409-4788-8F1E-F842E6BCADD2}.Release|Any CPU.Build.0 = Release|Any CPU
		{722AE61E-A254-405C-A4E4-8361B948E31D}.Debug|Any CPU.ActiveCfg = Debug|Any CPU
		{722AE61E-A254-405C-A4E4-8361B948E31D}.Debug|Any CPU.Build.0 = Debug|Any CPU
		{722AE61E-A254-405C-A4E4-8361B948E31D}.Release|Any CPU.ActiveCfg = Release|Any CPU
		{722AE61E-A254-405C-A4E4-8361B948E31D}.Release|Any CPU.Build.0 = Release|Any CPU
		{43094C2F-6BE3-4739-BDD3-5BBC10887E1A}.Debug|Any CPU.ActiveCfg = Debug|Any CPU
		{43094C2F-6BE3-4739-BDD3-5BBC10887E1A}.Debug|Any CPU.Build.0 = Debug|Any CPU
		{43094C2F-6BE3-4739-BDD3-5BBC10887E1A}.Release|Any CPU.ActiveCfg = Release|Any CPU
		{43094C2F-6BE3-4739-BDD3-5BBC10887E1A}.Release|Any CPU.Build.0 = Release|Any CPU
		{9A3B3172-6955-4667-8A26-1B68A30A1BA2}.Debug|Any CPU.ActiveCfg = Debug|Any CPU
		{9A3B3172-6955-4667-8A26-1B68A30A1BA2}.Debug|Any CPU.Build.0 = Debug|Any CPU
		{9A3B3172-6955-4667-8A26-1B68A30A1BA2}.Release|Any CPU.ActiveCfg = Release|Any CPU
		{9A3B3172-6955-4667-8A26-1B68A30A1BA2}.Release|Any CPU.Build.0 = Release|Any CPU
		{4D5B34BE-5F98-4BDE-B49C-71E2286739EB}.Debug|Any CPU.ActiveCfg = Debug|Any CPU
		{4D5B34BE-5F98-4BDE-B49C-71E2286739EB}.Debug|Any CPU.Build.0 = Debug|Any CPU
		{4D5B34BE-5F98-4BDE-B49C-71E2286739EB}.Release|Any CPU.ActiveCfg = Release|Any CPU
		{4D5B34BE-5F98-4BDE-B49C-71E2286739EB}.Release|Any CPU.Build.0 = Release|Any CPU
		{C97A32C1-B627-4704-9E1A-6DCE0FB97B79}.Debug|Any CPU.ActiveCfg = Debug|Any CPU
		{C97A32C1-B627-4704-9E1A-6DCE0FB97B79}.Debug|Any CPU.Build.0 = Debug|Any CPU
		{C97A32C1-B627-4704-9E1A-6DCE0FB97B79}.Release|Any CPU.ActiveCfg = Release|Any CPU
		{C97A32C1-B627-4704-9E1A-6DCE0FB97B79}.Release|Any CPU.Build.0 = Release|Any CPU
		{58289D8C-2870-4477-8EA1-79978BB0DB6F}.Debug|Any CPU.ActiveCfg = Debug|Any CPU
		{58289D8C-2870-4477-8EA1-79978BB0DB6F}.Debug|Any CPU.Build.0 = Debug|Any CPU
		{58289D8C-2870-4477-8EA1-79978BB0DB6F}.Release|Any CPU.ActiveCfg = Release|Any CPU
		{58289D8C-2870-4477-8EA1-79978BB0DB6F}.Release|Any CPU.Build.0 = Release|Any CPU
		{A23FF2BF-6EA7-4ADE-9292-914EB00BA33E}.Debug|Any CPU.ActiveCfg = Debug|Any CPU
		{A23FF2BF-6EA7-4ADE-9292-914EB00BA33E}.Debug|Any CPU.Build.0 = Debug|Any CPU
		{A23FF2BF-6EA7-4ADE-9292-914EB00BA33E}.Release|Any CPU.ActiveCfg = Release|Any CPU
		{A23FF2BF-6EA7-4ADE-9292-914EB00BA33E}.Release|Any CPU.Build.0 = Release|Any CPU
		{9E6A6815-9A49-4528-90DD-1168D8CF5C65}.Debug|Any CPU.ActiveCfg = Debug|Any CPU
		{9E6A6815-9A49-4528-90DD-1168D8CF5C65}.Debug|Any CPU.Build.0 = Debug|Any CPU
		{9E6A6815-9A49-4528-90DD-1168D8CF5C65}.Release|Any CPU.ActiveCfg = Release|Any CPU
		{9E6A6815-9A49-4528-90DD-1168D8CF5C65}.Release|Any CPU.Build.0 = Release|Any CPU
		{0C4EFE22-0D3D-4BE6-9355-1829BF055C35}.Debug|Any CPU.ActiveCfg = Debug|Any CPU
		{0C4EFE22-0D3D-4BE6-9355-1829BF055C35}.Debug|Any CPU.Build.0 = Debug|Any CPU
		{0C4EFE22-0D3D-4BE6-9355-1829BF055C35}.Release|Any CPU.ActiveCfg = Release|Any CPU
		{0C4EFE22-0D3D-4BE6-9355-1829BF055C35}.Release|Any CPU.Build.0 = Release|Any CPU
		{A4E4394E-39D8-4781-AAD3-D30F7AEB865A}.Debug|Any CPU.ActiveCfg = Debug|Any CPU
		{A4E4394E-39D8-4781-AAD3-D30F7AEB865A}.Debug|Any CPU.Build.0 = Debug|Any CPU
		{A4E4394E-39D8-4781-AAD3-D30F7AEB865A}.Release|Any CPU.ActiveCfg = Release|Any CPU
		{A4E4394E-39D8-4781-AAD3-D30F7AEB865A}.Release|Any CPU.Build.0 = Release|Any CPU
		{E579184C-D046-4A37-A093-A00D64BADC79}.Debug|Any CPU.ActiveCfg = Debug|Any CPU
		{E579184C-D046-4A37-A093-A00D64BADC79}.Debug|Any CPU.Build.0 = Debug|Any CPU
		{E579184C-D046-4A37-A093-A00D64BADC79}.Release|Any CPU.ActiveCfg = Release|Any CPU
		{E579184C-D046-4A37-A093-A00D64BADC79}.Release|Any CPU.Build.0 = Release|Any CPU
		{3F05E20A-871E-430D-B26E-9F029F19C246}.Debug|Any CPU.ActiveCfg = Debug|Any CPU
		{3F05E20A-871E-430D-B26E-9F029F19C246}.Debug|Any CPU.Build.0 = Debug|Any CPU
		{3F05E20A-871E-430D-B26E-9F029F19C246}.Release|Any CPU.ActiveCfg = Release|Any CPU
		{3F05E20A-871E-430D-B26E-9F029F19C246}.Release|Any CPU.Build.0 = Release|Any CPU
		{5B7B822E-6258-4A41-8AC2-59FD90617C95}.Debug|Any CPU.ActiveCfg = Debug|Any CPU
		{5B7B822E-6258-4A41-8AC2-59FD90617C95}.Debug|Any CPU.Build.0 = Debug|Any CPU
		{5B7B822E-6258-4A41-8AC2-59FD90617C95}.Release|Any CPU.ActiveCfg = Release|Any CPU
		{5B7B822E-6258-4A41-8AC2-59FD90617C95}.Release|Any CPU.Build.0 = Release|Any CPU
		{8B6CB1E6-A6E7-4786-A605-F306D05EBD60}.Debug|Any CPU.ActiveCfg = Debug|Any CPU
		{8B6CB1E6-A6E7-4786-A605-F306D05EBD60}.Debug|Any CPU.Build.0 = Debug|Any CPU
		{8B6CB1E6-A6E7-4786-A605-F306D05EBD60}.Release|Any CPU.ActiveCfg = Release|Any CPU
		{8B6CB1E6-A6E7-4786-A605-F306D05EBD60}.Release|Any CPU.Build.0 = Release|Any CPU
		{51376332-61A0-4A4D-9BE8-0068566E390A}.Debug|Any CPU.ActiveCfg = Debug|Any CPU
		{51376332-61A0-4A4D-9BE8-0068566E390A}.Debug|Any CPU.Build.0 = Debug|Any CPU
		{51376332-61A0-4A4D-9BE8-0068566E390A}.Release|Any CPU.ActiveCfg = Release|Any CPU
		{51376332-61A0-4A4D-9BE8-0068566E390A}.Release|Any CPU.Build.0 = Release|Any CPU
		{2FFC4DF7-85C6-4C33-A601-9A567A05167A}.Debug|Any CPU.ActiveCfg = Debug|Any CPU
		{2FFC4DF7-85C6-4C33-A601-9A567A05167A}.Debug|Any CPU.Build.0 = Debug|Any CPU
		{2FFC4DF7-85C6-4C33-A601-9A567A05167A}.Release|Any CPU.ActiveCfg = Release|Any CPU
		{2FFC4DF7-85C6-4C33-A601-9A567A05167A}.Release|Any CPU.Build.0 = Release|Any CPU
		{76ACC132-6C1B-41E1-A13E-26CD5F88B41C}.Debug|Any CPU.ActiveCfg = Debug|Any CPU
		{76ACC132-6C1B-41E1-A13E-26CD5F88B41C}.Debug|Any CPU.Build.0 = Debug|Any CPU
		{76ACC132-6C1B-41E1-A13E-26CD5F88B41C}.Release|Any CPU.ActiveCfg = Release|Any CPU
		{76ACC132-6C1B-41E1-A13E-26CD5F88B41C}.Release|Any CPU.Build.0 = Release|Any CPU
		{6CBE3E9E-B9AA-4409-9841-3EB99105809D}.Debug|Any CPU.ActiveCfg = Debug|Any CPU
		{6CBE3E9E-B9AA-4409-9841-3EB99105809D}.Debug|Any CPU.Build.0 = Debug|Any CPU
		{6CBE3E9E-B9AA-4409-9841-3EB99105809D}.Release|Any CPU.ActiveCfg = Release|Any CPU
		{6CBE3E9E-B9AA-4409-9841-3EB99105809D}.Release|Any CPU.Build.0 = Release|Any CPU
		{D6DC7368-553B-4285-A4CE-DC852BBE7591}.Debug|Any CPU.ActiveCfg = Debug|Any CPU
		{D6DC7368-553B-4285-A4CE-DC852BBE7591}.Debug|Any CPU.Build.0 = Debug|Any CPU
		{D6DC7368-553B-4285-A4CE-DC852BBE7591}.Release|Any CPU.ActiveCfg = Release|Any CPU
		{D6DC7368-553B-4285-A4CE-DC852BBE7591}.Release|Any CPU.Build.0 = Release|Any CPU
		{DEBB9802-EBE8-4D5B-A164-2CCAA324B35B}.Debug|Any CPU.ActiveCfg = Debug|Any CPU
		{DEBB9802-EBE8-4D5B-A164-2CCAA324B35B}.Debug|Any CPU.Build.0 = Debug|Any CPU
		{DEBB9802-EBE8-4D5B-A164-2CCAA324B35B}.Release|Any CPU.ActiveCfg = Release|Any CPU
		{DEBB9802-EBE8-4D5B-A164-2CCAA324B35B}.Release|Any CPU.Build.0 = Release|Any CPU
		{4A27F249-364C-4768-A9E9-3A381A8FA49F}.Debug|Any CPU.ActiveCfg = Debug|Any CPU
		{4A27F249-364C-4768-A9E9-3A381A8FA49F}.Debug|Any CPU.Build.0 = Debug|Any CPU
		{4A27F249-364C-4768-A9E9-3A381A8FA49F}.Release|Any CPU.ActiveCfg = Release|Any CPU
		{4A27F249-364C-4768-A9E9-3A381A8FA49F}.Release|Any CPU.Build.0 = Release|Any CPU
		{8B623C94-2638-4DE6-9FDF-A6F6DA64562E}.Debug|Any CPU.ActiveCfg = Debug|Any CPU
		{8B623C94-2638-4DE6-9FDF-A6F6DA64562E}.Debug|Any CPU.Build.0 = Debug|Any CPU
		{8B623C94-2638-4DE6-9FDF-A6F6DA64562E}.Release|Any CPU.ActiveCfg = Release|Any CPU
		{8B623C94-2638-4DE6-9FDF-A6F6DA64562E}.Release|Any CPU.Build.0 = Release|Any CPU
		{5CB590B2-8412-4918-80B2-8EC53B385497}.Debug|Any CPU.ActiveCfg = Debug|Any CPU
		{5CB590B2-8412-4918-80B2-8EC53B385497}.Debug|Any CPU.Build.0 = Debug|Any CPU
		{5CB590B2-8412-4918-80B2-8EC53B385497}.Release|Any CPU.ActiveCfg = Release|Any CPU
		{5CB590B2-8412-4918-80B2-8EC53B385497}.Release|Any CPU.Build.0 = Release|Any CPU
		{420F31A4-8EC6-4979-AA8F-51FC25DBDE84}.Debug|Any CPU.ActiveCfg = Debug|Any CPU
		{420F31A4-8EC6-4979-AA8F-51FC25DBDE84}.Debug|Any CPU.Build.0 = Debug|Any CPU
		{420F31A4-8EC6-4979-AA8F-51FC25DBDE84}.Release|Any CPU.ActiveCfg = Release|Any CPU
		{420F31A4-8EC6-4979-AA8F-51FC25DBDE84}.Release|Any CPU.Build.0 = Release|Any CPU
		{1E119F02-68CD-40D0-BD1A-F962A9067214}.Debug|Any CPU.ActiveCfg = Debug|Any CPU
		{1E119F02-68CD-40D0-BD1A-F962A9067214}.Debug|Any CPU.Build.0 = Debug|Any CPU
		{1E119F02-68CD-40D0-BD1A-F962A9067214}.Release|Any CPU.ActiveCfg = Release|Any CPU
		{1E119F02-68CD-40D0-BD1A-F962A9067214}.Release|Any CPU.Build.0 = Release|Any CPU
		{BF594368-D317-4DFA-B5C9-29821BE78483}.Debug|Any CPU.ActiveCfg = Debug|Any CPU
		{BF594368-D317-4DFA-B5C9-29821BE78483}.Debug|Any CPU.Build.0 = Debug|Any CPU
		{BF594368-D317-4DFA-B5C9-29821BE78483}.Release|Any CPU.ActiveCfg = Release|Any CPU
		{BF594368-D317-4DFA-B5C9-29821BE78483}.Release|Any CPU.Build.0 = Release|Any CPU
		{D83916EE-5BA5-4312-A60C-9712893F4706}.Debug|Any CPU.ActiveCfg = Debug|Any CPU
		{D83916EE-5BA5-4312-A60C-9712893F4706}.Debug|Any CPU.Build.0 = Debug|Any CPU
		{D83916EE-5BA5-4312-A60C-9712893F4706}.Release|Any CPU.ActiveCfg = Release|Any CPU
		{D83916EE-5BA5-4312-A60C-9712893F4706}.Release|Any CPU.Build.0 = Release|Any CPU
		{1B7C6ACA-2DD3-491C-8757-152D65A80CD6}.Debug|Any CPU.ActiveCfg = Debug|Any CPU
		{1B7C6ACA-2DD3-491C-8757-152D65A80CD6}.Debug|Any CPU.Build.0 = Debug|Any CPU
		{1B7C6ACA-2DD3-491C-8757-152D65A80CD6}.Release|Any CPU.ActiveCfg = Release|Any CPU
		{1B7C6ACA-2DD3-491C-8757-152D65A80CD6}.Release|Any CPU.Build.0 = Release|Any CPU
	EndGlobalSection
	GlobalSection(SolutionProperties) = preSolution
		HideSolutionNode = FALSE
	EndGlobalSection
	GlobalSection(NestedProjects) = preSolution
		{8ACDAAA3-08D4-493B-9304-0B8018800BD9} = {06D53043-ECD7-4406-9CD1-DF9029A2BDD4}
		{183F5583-E524-4782-BC8C-FDD400A6A604} = {06D53043-ECD7-4406-9CD1-DF9029A2BDD4}
		{B139FC72-9C14-456D-8009-74F4006019D5} = {06D53043-ECD7-4406-9CD1-DF9029A2BDD4}
		{4CFF0955-0EA5-4936-881D-3CD7F73F7429} = {06D53043-ECD7-4406-9CD1-DF9029A2BDD4}
		{BCB06175-D74A-44AF-9BB8-0CF8470FECBD} = {923472BE-A415-4E2D-B98B-AD4F04185F44}
		{6A60FF9D-A2DA-4689-BA19-B9189B29E487} = {923472BE-A415-4E2D-B98B-AD4F04185F44}
		{D5B3660C-5409-4788-8F1E-F842E6BCADD2} = {923472BE-A415-4E2D-B98B-AD4F04185F44}
		{722AE61E-A254-405C-A4E4-8361B948E31D} = {06D53043-ECD7-4406-9CD1-DF9029A2BDD4}
		{43094C2F-6BE3-4739-BDD3-5BBC10887E1A} = {923472BE-A415-4E2D-B98B-AD4F04185F44}
		{9A3B3172-6955-4667-8A26-1B68A30A1BA2} = {923472BE-A415-4E2D-B98B-AD4F04185F44}
		{4D5B34BE-5F98-4BDE-B49C-71E2286739EB} = {923472BE-A415-4E2D-B98B-AD4F04185F44}
		{C97A32C1-B627-4704-9E1A-6DCE0FB97B79} = {923472BE-A415-4E2D-B98B-AD4F04185F44}
		{58289D8C-2870-4477-8EA1-79978BB0DB6F} = {923472BE-A415-4E2D-B98B-AD4F04185F44}
		{A23FF2BF-6EA7-4ADE-9292-914EB00BA33E} = {923472BE-A415-4E2D-B98B-AD4F04185F44}
		{0C4EFE22-0D3D-4BE6-9355-1829BF055C35} = {923472BE-A415-4E2D-B98B-AD4F04185F44}
		{E579184C-D046-4A37-A093-A00D64BADC79} = {06D53043-ECD7-4406-9CD1-DF9029A2BDD4}
		{8B6CB1E6-A6E7-4786-A605-F306D05EBD60} = {923472BE-A415-4E2D-B98B-AD4F04185F44}
		{51376332-61A0-4A4D-9BE8-0068566E390A} = {923472BE-A415-4E2D-B98B-AD4F04185F44}
		{2FFC4DF7-85C6-4C33-A601-9A567A05167A} = {923472BE-A415-4E2D-B98B-AD4F04185F44}
		{DEBB9802-EBE8-4D5B-A164-2CCAA324B35B} = {06D53043-ECD7-4406-9CD1-DF9029A2BDD4}
		{4A27F249-364C-4768-A9E9-3A381A8FA49F} = {923472BE-A415-4E2D-B98B-AD4F04185F44}
		{5CB590B2-8412-4918-80B2-8EC53B385497} = {923472BE-A415-4E2D-B98B-AD4F04185F44}
		{420F31A4-8EC6-4979-AA8F-51FC25DBDE84} = {923472BE-A415-4E2D-B98B-AD4F04185F44}
		{BF594368-D317-4DFA-B5C9-29821BE78483} = {79B00F24-7F87-46F3-B5A0-EF0D427CB837}
		{D83916EE-5BA5-4312-A60C-9712893F4706} = {923472BE-A415-4E2D-B98B-AD4F04185F44}
		{1B7C6ACA-2DD3-491C-8757-152D65A80CD6} = {06D53043-ECD7-4406-9CD1-DF9029A2BDD4}
	EndGlobalSection
	GlobalSection(ExtensibilityGlobals) = postSolution
		SolutionGuid = {AFD26AB0-DEEA-409A-92E1-0A8D80F860C7}
	EndGlobalSection
EndGlobal
