
Microsoft Visual Studio Solution File, Format Version 12.00
# Visual Studio Version 17
VisualStudioVersion = 17.8.34316.72
MinimumVisualStudioVersion = 10.0.40219.1
Project("{9A19103F-16F7-4668-BE54-9A1E7A4F7556}") = "TODO List", "TODO List.csproj", "{8ACDAAA3-08D4-493B-9304-0B8018800BD9}"
EndProject
Project("{9A19103F-16F7-4668-BE54-9A1E7A4F7556}") = "People", "..\People\People.csproj", "{9C8884C8-ECC9-49BB-8069-034BB902B544}"
EndProject
Project("{9A19103F-16F7-4668-BE54-9A1E7A4F7556}") = "Rectangle", "..\Rectangle\Rectangle.csproj", "{C6034E5E-086C-4392-9322-D69DC14BEB13}"
EndProject
Project("{9A19103F-16F7-4668-BE54-9A1E7A4F7556}") = "Practice", "..\Practice\Practice.csproj", "{FD9CF8D8-3F9D-4786-95CE-B50DA552249C}"
EndProject
Project("{9A19103F-16F7-4668-BE54-9A1E7A4F7556}") = "Names_SRP", "..\Names\Names_SRP.csproj", "{5B96C600-BEA8-47A9-A3FF-27C262266787}"
EndProject
Project("{9A19103F-16F7-4668-BE54-9A1E7A4F7556}") = "DiceRollGame", "..\Dice-Roll-Game\DiceRollGame.csproj", "{183F5583-E524-4782-BC8C-FDD400A6A604}"
EndProject
Project("{9A19103F-16F7-4668-BE54-9A1E7A4F7556}") = "Pizza", "..\Pizza\Pizza.csproj", "{709267E0-DFFD-4A56-97A5-782911AFA869}"
EndProject
Project("{9A19103F-16F7-4668-BE54-9A1E7A4F7556}") = "Calculator", "..\Calculator\Calculator.csproj", "{1B382402-FAD1-479A-A489-C191BF53684C}"
EndProject
Project("{9A19103F-16F7-4668-BE54-9A1E7A4F7556}") = "CookieCookbook", "..\CookieCookbok\CookieCookbook.csproj", "{B139FC72-9C14-456D-8009-74F4006019D5}"
EndProject
Project("{9A19103F-16F7-4668-BE54-9A1E7A4F7556}") = "Exceptions", "..\Exceptions\Exceptions.csproj", "{3A10A343-5F79-4890-A187-E48486737A1B}"
EndProject
Project("{9A19103F-16F7-4668-BE54-9A1E7A4F7556}") = "GameDataParser", "..\GameDataParser\GameDataParser.csproj", "{4CFF0955-0EA5-4936-881D-3CD7F73F7429}"
EndProject
Project("{9A19103F-16F7-4668-BE54-9A1E7A4F7556}") = "BasicListImplementation", "..\BasicListImplementation\BasicListImplementation.csproj", "{40DB02B6-247A-4368-AE67-0F32C42F66BD}"
EndProject
Project("{2150E333-8FDC-42A3-9474-1A3956D46DE8}") = "CodingExercises", "CodingExercises", "{923472BE-A415-4E2D-B98B-AD4F04185F44}"
EndProject
Project("{9A19103F-16F7-4668-BE54-9A1E7A4F7556}") = "SwapTuple", "..\SwapTuple\SwapTuple.csproj", "{BCB06175-D74A-44AF-9BB8-0CF8470FECBD}"
EndProject
Project("{9A19103F-16F7-4668-BE54-9A1E7A4F7556}") = "TypeConstraintAndIComparable", "..\TypeConstraintAndIComparable\TypeConstraintAndIComparable.csproj", "{6A60FF9D-A2DA-4689-BA19-B9189B29E487}"
EndProject
Project("{2150E333-8FDC-42A3-9474-1A3956D46DE8}") = "Assignments", "Assignments", "{06D53043-ECD7-4406-9CD1-DF9029A2BDD4}"
EndProject
Global
	GlobalSection(SolutionConfigurationPlatforms) = preSolution
		Debug|Any CPU = Debug|Any CPU
		Release|Any CPU = Release|Any CPU
	EndGlobalSection
	GlobalSection(ProjectConfigurationPlatforms) = postSolution
		{8ACDAAA3-08D4-493B-9304-0B8018800BD9}.Debug|Any CPU.ActiveCfg = Debug|Any CPU
		{8ACDAAA3-08D4-493B-9304-0B8018800BD9}.Debug|Any CPU.Build.0 = Debug|Any CPU
		{8ACDAAA3-08D4-493B-9304-0B8018800BD9}.Release|Any CPU.ActiveCfg = Release|Any CPU
		{8ACDAAA3-08D4-493B-9304-0B8018800BD9}.Release|Any CPU.Build.0 = Release|Any CPU
		{9C8884C8-ECC9-49BB-8069-034BB902B544}.Debug|Any CPU.ActiveCfg = Debug|Any CPU
		{9C8884C8-ECC9-49BB-8069-034BB902B544}.Debug|Any CPU.Build.0 = Debug|Any CPU
		{9C8884C8-ECC9-49BB-8069-034BB902B544}.Release|Any CPU.ActiveCfg = Release|Any CPU
		{9C8884C8-ECC9-49BB-8069-034BB902B544}.Release|Any CPU.Build.0 = Release|Any CPU
		{C6034E5E-086C-4392-9322-D69DC14BEB13}.Debug|Any CPU.ActiveCfg = Debug|Any CPU
		{C6034E5E-086C-4392-9322-D69DC14BEB13}.Debug|Any CPU.Build.0 = Debug|Any CPU
		{C6034E5E-086C-4392-9322-D69DC14BEB13}.Release|Any CPU.ActiveCfg = Release|Any CPU
		{C6034E5E-086C-4392-9322-D69DC14BEB13}.Release|Any CPU.Build.0 = Release|Any CPU
		{FD9CF8D8-3F9D-4786-95CE-B50DA552249C}.Debug|Any CPU.ActiveCfg = Debug|Any CPU
		{FD9CF8D8-3F9D-4786-95CE-B50DA552249C}.Debug|Any CPU.Build.0 = Debug|Any CPU
		{FD9CF8D8-3F9D-4786-95CE-B50DA552249C}.Release|Any CPU.ActiveCfg = Release|Any CPU
		{FD9CF8D8-3F9D-4786-95CE-B50DA552249C}.Release|Any CPU.Build.0 = Release|Any CPU
		{5B96C600-BEA8-47A9-A3FF-27C262266787}.Debug|Any CPU.ActiveCfg = Debug|Any CPU
		{5B96C600-BEA8-47A9-A3FF-27C262266787}.Debug|Any CPU.Build.0 = Debug|Any CPU
		{5B96C600-BEA8-47A9-A3FF-27C262266787}.Release|Any CPU.ActiveCfg = Release|Any CPU
		{5B96C600-BEA8-47A9-A3FF-27C262266787}.Release|Any CPU.Build.0 = Release|Any CPU
		{183F5583-E524-4782-BC8C-FDD400A6A604}.Debug|Any CPU.ActiveCfg = Debug|Any CPU
		{183F5583-E524-4782-BC8C-FDD400A6A604}.Debug|Any CPU.Build.0 = Debug|Any CPU
		{183F5583-E524-4782-BC8C-FDD400A6A604}.Release|Any CPU.ActiveCfg = Release|Any CPU
		{183F5583-E524-4782-BC8C-FDD400A6A604}.Release|Any CPU.Build.0 = Release|Any CPU
		{709267E0-DFFD-4A56-97A5-782911AFA869}.Debug|Any CPU.ActiveCfg = Debug|Any CPU
		{709267E0-DFFD-4A56-97A5-782911AFA869}.Debug|Any CPU.Build.0 = Debug|Any CPU
		{709267E0-DFFD-4A56-97A5-782911AFA869}.Release|Any CPU.ActiveCfg = Release|Any CPU
		{709267E0-DFFD-4A56-97A5-782911AFA869}.Release|Any CPU.Build.0 = Release|Any CPU
		{1B382402-FAD1-479A-A489-C191BF53684C}.Debug|Any CPU.ActiveCfg = Debug|Any CPU
		{1B382402-FAD1-479A-A489-C191BF53684C}.Debug|Any CPU.Build.0 = Debug|Any CPU
		{1B382402-FAD1-479A-A489-C191BF53684C}.Release|Any CPU.ActiveCfg = Release|Any CPU
		{1B382402-FAD1-479A-A489-C191BF53684C}.Release|Any CPU.Build.0 = Release|Any CPU
		{B139FC72-9C14-456D-8009-74F4006019D5}.Debug|Any CPU.ActiveCfg = Debug|Any CPU
		{B139FC72-9C14-456D-8009-74F4006019D5}.Debug|Any CPU.Build.0 = Debug|Any CPU
		{B139FC72-9C14-456D-8009-74F4006019D5}.Release|Any CPU.ActiveCfg = Release|Any CPU
		{B139FC72-9C14-456D-8009-74F4006019D5}.Release|Any CPU.Build.0 = Release|Any CPU
		{3A10A343-5F79-4890-A187-E48486737A1B}.Debug|Any CPU.ActiveCfg = Debug|Any CPU
		{3A10A343-5F79-4890-A187-E48486737A1B}.Debug|Any CPU.Build.0 = Debug|Any CPU
		{3A10A343-5F79-4890-A187-E48486737A1B}.Release|Any CPU.ActiveCfg = Release|Any CPU
		{3A10A343-5F79-4890-A187-E48486737A1B}.Release|Any CPU.Build.0 = Release|Any CPU
		{4CFF0955-0EA5-4936-881D-3CD7F73F7429}.Debug|Any CPU.ActiveCfg = Debug|Any CPU
		{4CFF0955-0EA5-4936-881D-3CD7F73F7429}.Debug|Any CPU.Build.0 = Debug|Any CPU
		{4CFF0955-0EA5-4936-881D-3CD7F73F7429}.Release|Any CPU.ActiveCfg = Release|Any CPU
		{4CFF0955-0EA5-4936-881D-3CD7F73F7429}.Release|Any CPU.Build.0 = Release|Any CPU
		{40DB02B6-247A-4368-AE67-0F32C42F66BD}.Debug|Any CPU.ActiveCfg = Debug|Any CPU
		{40DB02B6-247A-4368-AE67-0F32C42F66BD}.Debug|Any CPU.Build.0 = Debug|Any CPU
		{40DB02B6-247A-4368-AE67-0F32C42F66BD}.Release|Any CPU.ActiveCfg = Release|Any CPU
		{40DB02B6-247A-4368-AE67-0F32C42F66BD}.Release|Any CPU.Build.0 = Release|Any CPU
		{BCB06175-D74A-44AF-9BB8-0CF8470FECBD}.Debug|Any CPU.ActiveCfg = Debug|Any CPU
		{BCB06175-D74A-44AF-9BB8-0CF8470FECBD}.Debug|Any CPU.Build.0 = Debug|Any CPU
		{BCB06175-D74A-44AF-9BB8-0CF8470FECBD}.Release|Any CPU.ActiveCfg = Release|Any CPU
		{BCB06175-D74A-44AF-9BB8-0CF8470FECBD}.Release|Any CPU.Build.0 = Release|Any CPU
		{6A60FF9D-A2DA-4689-BA19-B9189B29E487}.Debug|Any CPU.ActiveCfg = Debug|Any CPU
		{6A60FF9D-A2DA-4689-BA19-B9189B29E487}.Debug|Any CPU.Build.0 = Debug|Any CPU
		{6A60FF9D-A2DA-4689-BA19-B9189B29E487}.Release|Any CPU.ActiveCfg = Release|Any CPU
		{6A60FF9D-A2DA-4689-BA19-B9189B29E487}.Release|Any CPU.Build.0 = Release|Any CPU
	EndGlobalSection
	GlobalSection(SolutionProperties) = preSolution
		HideSolutionNode = FALSE
	EndGlobalSection
	GlobalSection(NestedProjects) = preSolution
		{8ACDAAA3-08D4-493B-9304-0B8018800BD9} = {06D53043-ECD7-4406-9CD1-DF9029A2BDD4}
		{183F5583-E524-4782-BC8C-FDD400A6A604} = {06D53043-ECD7-4406-9CD1-DF9029A2BDD4}
		{B139FC72-9C14-456D-8009-74F4006019D5} = {06D53043-ECD7-4406-9CD1-DF9029A2BDD4}
		{4CFF0955-0EA5-4936-881D-3CD7F73F7429} = {06D53043-ECD7-4406-9CD1-DF9029A2BDD4}
		{BCB06175-D74A-44AF-9BB8-0CF8470FECBD} = {923472BE-A415-4E2D-B98B-AD4F04185F44}
		{6A60FF9D-A2DA-4689-BA19-B9189B29E487} = {923472BE-A415-4E2D-B98B-AD4F04185F44}
	EndGlobalSection
	GlobalSection(ExtensibilityGlobals) = postSolution
		SolutionGuid = {AFD26AB0-DEEA-409A-92E1-0A8D80F860C7}
	EndGlobalSection
EndGlobal
